
Microsoft Visual Studio Solution File, Format Version 12.00
# Visual Studio Version 17
VisualStudioVersion = 17.5.33530.505
MinimumVisualStudioVersion = 10.0.40219.1
Project("{FAE04EC0-301F-11D3-BF4B-00C04F79EFBC}") = "CadastroDeAlunos", "CadastroDeAlunos.csproj", "{40344356-1647-45D7-A0C7-D9DAC6789203}"
EndProject
Global
	GlobalSection(SolutionConfigurationPlatforms) = preSolution
		Debug|Any CPU = Debug|Any CPU
		Release|Any CPU = Release|Any CPU
	EndGlobalSection
	GlobalSection(ProjectConfigurationPlatforms) = postSolution
		{40344356-1647-45D7-A0C7-D9DAC6789203}.Debug|Any CPU.ActiveCfg = Debug|Any CPU
		{40344356-1647-45D7-A0C7-D9DAC6789203}.Debug|Any CPU.Build.0 = Debug|Any CPU
		{40344356-1647-45D7-A0C7-D9DAC6789203}.Release|Any CPU.ActiveCfg = Release|Any CPU
		{40344356-1647-45D7-A0C7-D9DAC6789203}.Release|Any CPU.Build.0 = Release|Any CPU
	EndGlobalSection
	GlobalSection(SolutionProperties) = preSolution
		HideSolutionNode = FALSE
	EndGlobalSection
	GlobalSection(ExtensibilityGlobals) = postSolution
		SolutionGuid = {BE46602F-A671-4D60-BBF2-709C5D4CE6A8}
	EndGlobalSection
EndGlobal
